{
  "requires": true,
  "lockfileVersion": 1,
  "dependencies": {
    "delegate": {
      "version": "3.1.3",
      "resolved": "https://registry.npmjs.org/delegate/-/delegate-3.1.3.tgz",
      "integrity": "sha1-moJRp3fXAl+qVXN7w7BxdCEnqf0="
    },
    "swup": {
      "version": "2.0.5",
      "resolved": "https://registry.npmjs.org/swup/-/swup-2.0.5.tgz",
      "integrity": "sha512-fIf5JJvNYUCwV/BEoqq7g8VKwxMtsNDk18Cr2DsYDa3DZn0eP5NeWwPFX7mVQA8QzewLZ/oFXLFlls9afFFVwA==",
      "requires": {
        "delegate": "3.1.3"
      }
    }
  }
}
